
Microsoft Visual Studio Solution File, Format Version 12.00
# Visual Studio Version 17
VisualStudioVersion = 17.7.34024.191
MinimumVisualStudioVersion = 10.0.40219.1
Project("{FAE04EC0-301F-11D3-BF4B-00C04F79EFBC}") = "StyleX", "StyleX\StyleX.csproj", "{EAEBA03E-AB88-45FA-ADD0-6CA90411922E}"
EndProject
Global
	GlobalSection(SolutionConfigurationPlatforms) = preSolution
		Debug|Any CPU = Debug|Any CPU
		Release|Any CPU = Release|Any CPU
	EndGlobalSection
	GlobalSection(ProjectConfigurationPlatforms) = postSolution
		{EAEBA03E-AB88-45FA-ADD0-6CA90411922E}.Debug|Any CPU.ActiveCfg = Debug|Any CPU
		{EAEBA03E-AB88-45FA-ADD0-6CA90411922E}.Debug|Any CPU.Build.0 = Debug|Any CPU
		{EAEBA03E-AB88-45FA-ADD0-6CA90411922E}.Release|Any CPU.ActiveCfg = Release|Any CPU
		{EAEBA03E-AB88-45FA-ADD0-6CA90411922E}.Release|Any CPU.Build.0 = Release|Any CPU
	EndGlobalSection
	GlobalSection(SolutionProperties) = preSolution
		HideSolutionNode = FALSE
	EndGlobalSection
	GlobalSection(ExtensibilityGlobals) = postSolution
		SolutionGuid = {BCAA69A5-48A3-4077-A81B-43C9FB8098FF}
	EndGlobalSection
EndGlobal
